
Microsoft Visual Studio Solution File, Format Version 12.00
# Visual Studio Version 17
VisualStudioVersion = 17.5.33424.131
MinimumVisualStudioVersion = 10.0.40219.1
Project("{2150E333-8FDC-42A3-9474-1A3956D46DE8}") = "src", "src", "{FB3EAAE0-C332-4B4D-974F-7F1BB0210F6D}"
EndProject
Project("{2150E333-8FDC-42A3-9474-1A3956D46DE8}") = "tests", "tests", "{A74BA6E0-225B-49BF-B116-A79A04626D37}"
EndProject
Project("{9A19103F-16F7-4668-BE54-9A1E7A4F7556}") = "JG.Flix.Catalog.UnitTests", "tests\JG.Flix.Catalog.UnitTests\JG.Flix.Catalog.UnitTests.csproj", "{C438E6BF-A7E3-4675-98E1-10F07086F62E}"
EndProject
Project("{9A19103F-16F7-4668-BE54-9A1E7A4F7556}") = "JG.Flix.Catalog.Domain", "src\JG.Flix.Catalog.Domain\JG.Flix.Catalog.Domain.csproj", "{3FDACA24-8522-42D0-A18E-1E752262435D}"
EndProject
Project("{9A19103F-16F7-4668-BE54-9A1E7A4F7556}") = "JG.Flix.Catalog.Application", "src\JG.Flix.Catalog.Application\JG.Flix.Catalog.Application.csproj", "{32F11509-0898-46EC-991F-5F74CCB47F75}"
EndProject
Project("{9A19103F-16F7-4668-BE54-9A1E7A4F7556}") = "JG.Flix.Catalog.IntegrationTests", "tests\JG.Flix.Catalog.IntegrationTests\JG.Flix.Catalog.IntegrationTests.csproj", "{75450D98-36C5-4019-AB6D-6F5155968472}"
EndProject
Project("{FAE04EC0-301F-11D3-BF4B-00C04F79EFBC}") = "JG.Flix.Catalog.Infra.Data.EF", "src\JG.Flix.Catalog.Infra.Data.EF\JG.Flix.Catalog.Infra.Data.EF.csproj", "{B3EA0552-3357-4ACA-9ECA-58DBD932D5D5}"
EndProject
Global
	GlobalSection(SolutionConfigurationPlatforms) = preSolution
		Debug|Any CPU = Debug|Any CPU
		Release|Any CPU = Release|Any CPU
	EndGlobalSection
	GlobalSection(ProjectConfigurationPlatforms) = postSolution
		{C438E6BF-A7E3-4675-98E1-10F07086F62E}.Debug|Any CPU.ActiveCfg = Debug|Any CPU
		{C438E6BF-A7E3-4675-98E1-10F07086F62E}.Debug|Any CPU.Build.0 = Debug|Any CPU
		{C438E6BF-A7E3-4675-98E1-10F07086F62E}.Release|Any CPU.ActiveCfg = Release|Any CPU
		{C438E6BF-A7E3-4675-98E1-10F07086F62E}.Release|Any CPU.Build.0 = Release|Any CPU
		{3FDACA24-8522-42D0-A18E-1E752262435D}.Debug|Any CPU.ActiveCfg = Debug|Any CPU
		{3FDACA24-8522-42D0-A18E-1E752262435D}.Debug|Any CPU.Build.0 = Debug|Any CPU
		{3FDACA24-8522-42D0-A18E-1E752262435D}.Release|Any CPU.ActiveCfg = Release|Any CPU
		{3FDACA24-8522-42D0-A18E-1E752262435D}.Release|Any CPU.Build.0 = Release|Any CPU
		{32F11509-0898-46EC-991F-5F74CCB47F75}.Debug|Any CPU.ActiveCfg = Debug|Any CPU
		{32F11509-0898-46EC-991F-5F74CCB47F75}.Debug|Any CPU.Build.0 = Debug|Any CPU
		{32F11509-0898-46EC-991F-5F74CCB47F75}.Release|Any CPU.ActiveCfg = Release|Any CPU
		{32F11509-0898-46EC-991F-5F74CCB47F75}.Release|Any CPU.Build.0 = Release|Any CPU
		{75450D98-36C5-4019-AB6D-6F5155968472}.Debug|Any CPU.ActiveCfg = Debug|Any CPU
		{75450D98-36C5-4019-AB6D-6F5155968472}.Debug|Any CPU.Build.0 = Debug|Any CPU
		{75450D98-36C5-4019-AB6D-6F5155968472}.Release|Any CPU.ActiveCfg = Release|Any CPU
		{75450D98-36C5-4019-AB6D-6F5155968472}.Release|Any CPU.Build.0 = Release|Any CPU
		{B3EA0552-3357-4ACA-9ECA-58DBD932D5D5}.Debug|Any CPU.ActiveCfg = Debug|Any CPU
		{B3EA0552-3357-4ACA-9ECA-58DBD932D5D5}.Debug|Any CPU.Build.0 = Debug|Any CPU
		{B3EA0552-3357-4ACA-9ECA-58DBD932D5D5}.Release|Any CPU.ActiveCfg = Release|Any CPU
		{B3EA0552-3357-4ACA-9ECA-58DBD932D5D5}.Release|Any CPU.Build.0 = Release|Any CPU
	EndGlobalSection
	GlobalSection(SolutionProperties) = preSolution
		HideSolutionNode = FALSE
	EndGlobalSection
	GlobalSection(NestedProjects) = preSolution
		{C438E6BF-A7E3-4675-98E1-10F07086F62E} = {A74BA6E0-225B-49BF-B116-A79A04626D37}
		{3FDACA24-8522-42D0-A18E-1E752262435D} = {FB3EAAE0-C332-4B4D-974F-7F1BB0210F6D}
		{32F11509-0898-46EC-991F-5F74CCB47F75} = {FB3EAAE0-C332-4B4D-974F-7F1BB0210F6D}
		{75450D98-36C5-4019-AB6D-6F5155968472} = {A74BA6E0-225B-49BF-B116-A79A04626D37}
		{B3EA0552-3357-4ACA-9ECA-58DBD932D5D5} = {FB3EAAE0-C332-4B4D-974F-7F1BB0210F6D}
	EndGlobalSection
	GlobalSection(ExtensibilityGlobals) = postSolution
		SolutionGuid = {D1A62AAD-B316-421B-BC40-A69FAE1E9DE4}
	EndGlobalSection
EndGlobal
